
Microsoft Visual Studio Solution File, Format Version 12.00
Project("{FAE04EC0-301F-11D3-BF4B-00C04F79EFBC}") = "Domain", "Domain\Domain.csproj", "{50074134-33F6-4E76-9B3A-E7B5A358BAFE}"
EndProject
Project("{FAE04EC0-301F-11D3-BF4B-00C04F79EFBC}") = "SpaceApplication", "SpaceApplication\SpaceApplication.csproj", "{059885D1-82D6-4DD8-9E83-D2DD8993F031}"
EndProject
Project("{FAE04EC0-301F-11D3-BF4B-00C04F79EFBC}") = "Presentation", "Presentation\Presentation.csproj", "{858B1E8F-A813-432A-A206-9072259CC844}"
EndProject
Project("{FAE04EC0-301F-11D3-BF4B-00C04F79EFBC}") = "Geometry", "Geometry\Geometry.csproj", "{48A49644-D729-4083-990C-3A028677C29C}"
EndProject
Project("{FAE04EC0-301F-11D3-BF4B-00C04F79EFBC}") = "Tests", "Tests\Tests.csproj", "{A3434DA6-2C99-4D53-92D3-A56AED67B1CC}"
EndProject
Global
	GlobalSection(SolutionConfigurationPlatforms) = preSolution
		Debug|Any CPU = Debug|Any CPU
		Release|Any CPU = Release|Any CPU
	EndGlobalSection
	GlobalSection(ProjectConfigurationPlatforms) = postSolution
		{50074134-33F6-4E76-9B3A-E7B5A358BAFE}.Debug|Any CPU.ActiveCfg = Debug|Any CPU
		{50074134-33F6-4E76-9B3A-E7B5A358BAFE}.Debug|Any CPU.Build.0 = Debug|Any CPU
		{50074134-33F6-4E76-9B3A-E7B5A358BAFE}.Release|Any CPU.ActiveCfg = Release|Any CPU
		{50074134-33F6-4E76-9B3A-E7B5A358BAFE}.Release|Any CPU.Build.0 = Release|Any CPU
		{059885D1-82D6-4DD8-9E83-D2DD8993F031}.Debug|Any CPU.ActiveCfg = Debug|Any CPU
		{059885D1-82D6-4DD8-9E83-D2DD8993F031}.Debug|Any CPU.Build.0 = Debug|Any CPU
		{059885D1-82D6-4DD8-9E83-D2DD8993F031}.Release|Any CPU.ActiveCfg = Release|Any CPU
		{059885D1-82D6-4DD8-9E83-D2DD8993F031}.Release|Any CPU.Build.0 = Release|Any CPU
		{858B1E8F-A813-432A-A206-9072259CC844}.Debug|Any CPU.ActiveCfg = Debug|Any CPU
		{858B1E8F-A813-432A-A206-9072259CC844}.Debug|Any CPU.Build.0 = Debug|Any CPU
		{858B1E8F-A813-432A-A206-9072259CC844}.Release|Any CPU.ActiveCfg = Release|Any CPU
		{858B1E8F-A813-432A-A206-9072259CC844}.Release|Any CPU.Build.0 = Release|Any CPU
		{48A49644-D729-4083-990C-3A028677C29C}.Debug|Any CPU.ActiveCfg = Debug|Any CPU
		{48A49644-D729-4083-990C-3A028677C29C}.Debug|Any CPU.Build.0 = Debug|Any CPU
		{48A49644-D729-4083-990C-3A028677C29C}.Release|Any CPU.ActiveCfg = Release|Any CPU
		{48A49644-D729-4083-990C-3A028677C29C}.Release|Any CPU.Build.0 = Release|Any CPU
		{A3434DA6-2C99-4D53-92D3-A56AED67B1CC}.Debug|Any CPU.ActiveCfg = Debug|Any CPU
		{A3434DA6-2C99-4D53-92D3-A56AED67B1CC}.Debug|Any CPU.Build.0 = Debug|Any CPU
		{A3434DA6-2C99-4D53-92D3-A56AED67B1CC}.Release|Any CPU.ActiveCfg = Release|Any CPU
		{A3434DA6-2C99-4D53-92D3-A56AED67B1CC}.Release|Any CPU.Build.0 = Release|Any CPU
	EndGlobalSection
EndGlobal
